
Microsoft Visual Studio Solution File, Format Version 12.00
# Visual Studio Version 16
VisualStudioVersion = 16.0.28922.388
MinimumVisualStudioVersion = 10.0.40219.1
Project("{FAE04EC0-301F-11D3-BF4B-00C04F79EFBC}") = "WebApplication01", "WebApplication01\WebApplication01.csproj", "{CD3A3D98-DE46-4399-B03A-C8EDC6D6074E}"
EndProject
Global
	GlobalSection(SolutionConfigurationPlatforms) = preSolution
		Debug|Any CPU = Debug|Any CPU
		Release|Any CPU = Release|Any CPU
	EndGlobalSection
	GlobalSection(ProjectConfigurationPlatforms) = postSolution
		{CD3A3D98-DE46-4399-B03A-C8EDC6D6074E}.Debug|Any CPU.ActiveCfg = Debug|Any CPU
		{CD3A3D98-DE46-4399-B03A-C8EDC6D6074E}.Debug|Any CPU.Build.0 = Debug|Any CPU
		{CD3A3D98-DE46-4399-B03A-C8EDC6D6074E}.Release|Any CPU.ActiveCfg = Release|Any CPU
		{CD3A3D98-DE46-4399-B03A-C8EDC6D6074E}.Release|Any CPU.Build.0 = Release|Any CPU
	EndGlobalSection
	GlobalSection(SolutionProperties) = preSolution
		HideSolutionNode = FALSE
	EndGlobalSection
	GlobalSection(ExtensibilityGlobals) = postSolution
		SolutionGuid = {47F05064-BCA1-4A5A-9783-16C5F236C5D2}
	EndGlobalSection
EndGlobal
